{
  "version": 1,
  "dependencies": {
    "net8.0-windows7.0": {
      "Bluehill.Forms": {
        "type": "Direct",
        "requested": "[0.3.0, )",
        "resolved": "0.3.0",
        "contentHash": "mi2bVlkDNq5REMlfOtKtXaFfOSDjUBdiw9vbnVE100lo4Uod9BDjG3pLlXdiAhewtIkLns7QkgCBdOe+El32TA==",
        "dependencies": {
          "Bluehill.Features": "0.3.0"
        }
      },
      "Bluehill.Features": {
        "type": "Transitive",
        "resolved": "0.3.0",
        "contentHash": "ulPLeMZ4khjDyEbcYaeW70Q1GeBn08553oYyDZoz/dDIxK8aeaTKW4BMREPDcqbDagrBSg0t+whrntcbyPkTfg=="
      },
      "simplerandom": {
        "type": "Project"
      }
    }
  }
}